
Microsoft Visual Studio Solution File, Format Version 12.00
# Visual Studio Version 17
VisualStudioVersion = 17.4.33403.182
MinimumVisualStudioVersion = 10.0.40219.1
Project("{FAE04EC0-301F-11D3-BF4B-00C04F79EFBC}") = "StudentManagement", "StudentManagement.csproj", "{F73A5C54-B22A-417C-ADD7-634B5CCC147B}"
EndProject
Global
	GlobalSection(SolutionConfigurationPlatforms) = preSolution
		Debug|Any CPU = Debug|Any CPU
		Release|Any CPU = Release|Any CPU
	EndGlobalSection
	GlobalSection(ProjectConfigurationPlatforms) = postSolution
		{F73A5C54-B22A-417C-ADD7-634B5CCC147B}.Debug|Any CPU.ActiveCfg = Debug|Any CPU
		{F73A5C54-B22A-417C-ADD7-634B5CCC147B}.Debug|Any CPU.Build.0 = Debug|Any CPU
		{F73A5C54-B22A-417C-ADD7-634B5CCC147B}.Release|Any CPU.ActiveCfg = Release|Any CPU
		{F73A5C54-B22A-417C-ADD7-634B5CCC147B}.Release|Any CPU.Build.0 = Release|Any CPU
	EndGlobalSection
	GlobalSection(SolutionProperties) = preSolution
		HideSolutionNode = FALSE
	EndGlobalSection
	GlobalSection(ExtensibilityGlobals) = postSolution
		SolutionGuid = {7AF32871-803C-4644-B9C0-C30F05A79531}
	EndGlobalSection
EndGlobal
